
Microsoft Visual Studio Solution File, Format Version 12.00
# Visual Studio Version 17
VisualStudioVersion = 17.4.33213.308
MinimumVisualStudioVersion = 10.0.40219.1
Project("{9A19103F-16F7-4668-BE54-9A1E7A4F7556}") = "TwitterApi", "TwitterApi\TwitterApi.csproj", "{664DCD7A-881D-493C-A08B-91DA2416E3ED}"
EndProject
Project("{9A19103F-16F7-4668-BE54-9A1E7A4F7556}") = "JHCodeChalange", "JHCodeChalange\JHCodeChalange.csproj", "{7D3A5C64-6AA6-4E52-9468-5FAC2D0B042E}"
EndProject
Project("{FAE04EC0-301F-11D3-BF4B-00C04F79EFBC}") = "TwitterApi.Tests", "TwitterApi.Tests\TwitterApi.Tests.csproj", "{A89170BF-E152-4DE3-8FC2-C789F1E7EFC4}"
EndProject
Global
	GlobalSection(SolutionConfigurationPlatforms) = preSolution
		Debug|Any CPU = Debug|Any CPU
		Release|Any CPU = Release|Any CPU
	EndGlobalSection
	GlobalSection(ProjectConfigurationPlatforms) = postSolution
		{664DCD7A-881D-493C-A08B-91DA2416E3ED}.Debug|Any CPU.ActiveCfg = Debug|Any CPU
		{664DCD7A-881D-493C-A08B-91DA2416E3ED}.Debug|Any CPU.Build.0 = Debug|Any CPU
		{664DCD7A-881D-493C-A08B-91DA2416E3ED}.Release|Any CPU.ActiveCfg = Release|Any CPU
		{664DCD7A-881D-493C-A08B-91DA2416E3ED}.Release|Any CPU.Build.0 = Release|Any CPU
		{7D3A5C64-6AA6-4E52-9468-5FAC2D0B042E}.Debug|Any CPU.ActiveCfg = Debug|Any CPU
		{7D3A5C64-6AA6-4E52-9468-5FAC2D0B042E}.Debug|Any CPU.Build.0 = Debug|Any CPU
		{7D3A5C64-6AA6-4E52-9468-5FAC2D0B042E}.Release|Any CPU.ActiveCfg = Release|Any CPU
		{7D3A5C64-6AA6-4E52-9468-5FAC2D0B042E}.Release|Any CPU.Build.0 = Release|Any CPU
		{A89170BF-E152-4DE3-8FC2-C789F1E7EFC4}.Debug|Any CPU.ActiveCfg = Debug|Any CPU
		{A89170BF-E152-4DE3-8FC2-C789F1E7EFC4}.Debug|Any CPU.Build.0 = Debug|Any CPU
		{A89170BF-E152-4DE3-8FC2-C789F1E7EFC4}.Release|Any CPU.ActiveCfg = Release|Any CPU
		{A89170BF-E152-4DE3-8FC2-C789F1E7EFC4}.Release|Any CPU.Build.0 = Release|Any CPU
	EndGlobalSection
	GlobalSection(SolutionProperties) = preSolution
		HideSolutionNode = FALSE
	EndGlobalSection
	GlobalSection(ExtensibilityGlobals) = postSolution
		SolutionGuid = {B106F727-D4A4-4C58-8571-A552B03D020A}
	EndGlobalSection
EndGlobal
