
Microsoft Visual Studio Solution File, Format Version 12.00
# Visual Studio Version 17
VisualStudioVersion = 17.4.33213.308
MinimumVisualStudioVersion = 10.0.40219.1
Project("{FAE04EC0-301F-11D3-BF4B-00C04F79EFBC}") = "JHCodeChalange", "JHCodeChalange.csproj", "{3E1A713F-F0FA-4FFB-811B-86EEABDDA64F}"
EndProject
Global
	GlobalSection(SolutionConfigurationPlatforms) = preSolution
		Debug|Any CPU = Debug|Any CPU
		Release|Any CPU = Release|Any CPU
	EndGlobalSection
	GlobalSection(ProjectConfigurationPlatforms) = postSolution
		{3E1A713F-F0FA-4FFB-811B-86EEABDDA64F}.Debug|Any CPU.ActiveCfg = Debug|Any CPU
		{3E1A713F-F0FA-4FFB-811B-86EEABDDA64F}.Debug|Any CPU.Build.0 = Debug|Any CPU
		{3E1A713F-F0FA-4FFB-811B-86EEABDDA64F}.Release|Any CPU.ActiveCfg = Release|Any CPU
		{3E1A713F-F0FA-4FFB-811B-86EEABDDA64F}.Release|Any CPU.Build.0 = Release|Any CPU
	EndGlobalSection
	GlobalSection(SolutionProperties) = preSolution
		HideSolutionNode = FALSE
	EndGlobalSection
	GlobalSection(ExtensibilityGlobals) = postSolution
		SolutionGuid = {B106F727-D4A4-4C58-8571-A552B03D020A}
	EndGlobalSection
EndGlobal
